// !$*UTF8*$!
{
	archiveVersion = 1;
	classes = {
	};
	objectVersion = 46;
	objects = {

/* Begin PBXBuildFile section */
		F0A59B291E0DB70C00F55395 /* main.cpp in Sources */ = {isa = PBXBuildFile; fileRef = F0A59B281E0DB70C00F55395 /* main.cpp */; };
		F0A59B331E0DBD7300F55395 /* buffer.cpp in Sources */ = {isa = PBXBuildFile; fileRef = F0A59B301E0DBD7300F55395 /* buffer.cpp */; };
		F0A59B441E0EBA7F00F55395 /* buffer_visitor.cpp in Sources */ = {isa = PBXBuildFile; fileRef = F0A59B411E0EBA7F00F55395 /* buffer_visitor.cpp */; };
/* End PBXBuildFile section */

/* Begin PBXCopyFilesBuildPhase section */
		F0A59B231E0DB70B00F55395 /* CopyFiles */ = {
			isa = PBXCopyFilesBuildPhase;
			buildActionMask = 2147483647;
			dstPath = /usr/share/man/man1/;
			dstSubfolderSpec = 0;
			files = (
			);
			runOnlyForDeploymentPostprocessing = 1;
		};
/* End PBXCopyFilesBuildPhase section */

/* Begin PBXFileReference section */
		F0A59B251E0DB70C00F55395 /* playground */ = {isa = PBXFileReference; explicitFileType = "compiled.mach-o.executable"; includeInIndex = 0; path = playground; sourceTree = BUILT_PRODUCTS_DIR; };
		F0A59B281E0DB70C00F55395 /* main.cpp */ = {isa = PBXFileReference; lastKnownFileType = sourcecode.cpp.cpp; path = main.cpp; sourceTree = "<group>"; };
		F0A59B301E0DBD7300F55395 /* buffer.cpp */ = {isa = PBXFileReference; fileEncoding = 4; lastKnownFileType = sourcecode.cpp.cpp; name = buffer.cpp; path = data/buffer.cpp; sourceTree = "<group>"; };
		F0A59B311E0DBD7300F55395 /* buffer.h */ = {isa = PBXFileReference; fileEncoding = 4; lastKnownFileType = sourcecode.c.h; name = buffer.h; path = data/buffer.h; sourceTree = "<group>"; };
		F0A59B321E0DBD7300F55395 /* buffer.hpp */ = {isa = PBXFileReference; fileEncoding = 4; lastKnownFileType = sourcecode.cpp.h; name = buffer.hpp; path = data/buffer.hpp; sourceTree = "<group>"; };
		F0A59B371E0E8EF800F55395 /* progressive.h */ = {isa = PBXFileReference; fileEncoding = 4; lastKnownFileType = sourcecode.c.h; name = progressive.h; path = macros/progressive.h; sourceTree = "<group>"; };
		F0A59B381E0E8EF800F55395 /* progressive.hpp */ = {isa = PBXFileReference; fileEncoding = 4; lastKnownFileType = sourcecode.cpp.h; name = progressive.hpp; path = macros/progressive.hpp; sourceTree = "<group>"; };
		F0A59B3B1E0EA48D00F55395 /* macro.h */ = {isa = PBXFileReference; lastKnownFileType = sourcecode.c.h; name = macro.h; path = bytewise/macro.h; sourceTree = "<group>"; };
		F0A59B3C1E0EA48D00F55395 /* macro.hpp */ = {isa = PBXFileReference; lastKnownFileType = sourcecode.cpp.h; name = macro.hpp; path = bytewise/macro.hpp; sourceTree = "<group>"; };
		F0A59B411E0EBA7F00F55395 /* buffer_visitor.cpp */ = {isa = PBXFileReference; fileEncoding = 4; lastKnownFileType = sourcecode.cpp.cpp; name = buffer_visitor.cpp; path = bytewise/buffer_visitor.cpp; sourceTree = "<group>"; };
		F0A59B421E0EBA7F00F55395 /* buffer_visitor.h */ = {isa = PBXFileReference; fileEncoding = 4; lastKnownFileType = sourcecode.c.h; name = buffer_visitor.h; path = bytewise/buffer_visitor.h; sourceTree = "<group>"; };
		F0A59B431E0EBA7F00F55395 /* buffer_visitor.hpp */ = {isa = PBXFileReference; fileEncoding = 4; lastKnownFileType = sourcecode.cpp.h; name = buffer_visitor.hpp; path = bytewise/buffer_visitor.hpp; sourceTree = "<group>"; };
		F0A59B461E0EBB5600F55395 /* valid.h */ = {isa = PBXFileReference; fileEncoding = 4; lastKnownFileType = sourcecode.c.h; name = valid.h; path = bytewise/valid.h; sourceTree = "<group>"; };
		F0A59B471E0EBB5600F55395 /* valid.hpp */ = {isa = PBXFileReference; fileEncoding = 4; lastKnownFileType = sourcecode.cpp.h; name = valid.hpp; path = bytewise/valid.hpp; sourceTree = "<group>"; };
		F0A59B491E0EBB9E00F55395 /* count.h */ = {isa = PBXFileReference; lastKnownFileType = sourcecode.c.h; name = count.h; path = bytewise/count.h; sourceTree = "<group>"; };
		F0A59B4A1E0EBB9E00F55395 /* count.hpp */ = {isa = PBXFileReference; lastKnownFileType = sourcecode.cpp.h; name = count.hpp; path = bytewise/count.hpp; sourceTree = "<group>"; };
		F0A59B4B1E0EF17F00F55395 /* arithmetic_visitor.h */ = {isa = PBXFileReference; lastKnownFileType = sourcecode.c.h; name = arithmetic_visitor.h; path = bytewise/arithmetic_visitor.h; sourceTree = "<group>"; };
		F0A59B4C1E0EF17F00F55395 /* arithmetic_visitor.hpp */ = {isa = PBXFileReference; lastKnownFileType = sourcecode.cpp.h; name = arithmetic_visitor.hpp; path = bytewise/arithmetic_visitor.hpp; sourceTree = "<group>"; };
		F0A59B4D1E0F4F2000F55395 /* ranges.h */ = {isa = PBXFileReference; lastKnownFileType = sourcecode.c.h; name = ranges.h; path = bytewise/ranges.h; sourceTree = "<group>"; };
		F0A59B4E1E0F4F2000F55395 /* ranges.hpp */ = {isa = PBXFileReference; lastKnownFileType = sourcecode.cpp.h; name = ranges.hpp; path = bytewise/ranges.hpp; sourceTree = "<group>"; };
/* End PBXFileReference section */

/* Begin PBXFrameworksBuildPhase section */
		F0A59B221E0DB70B00F55395 /* Frameworks */ = {
			isa = PBXFrameworksBuildPhase;
			buildActionMask = 2147483647;
			files = (
			);
			runOnlyForDeploymentPostprocessing = 0;
		};
/* End PBXFrameworksBuildPhase section */

/* Begin PBXGroup section */
		F0A59B1C1E0DB70B00F55395 = {
			isa = PBXGroup;
			children = (
				F0A59B271E0DB70C00F55395 /* playground */,
				F0A59B261E0DB70C00F55395 /* Products */,
			);
			sourceTree = "<group>";
		};
		F0A59B261E0DB70C00F55395 /* Products */ = {
			isa = PBXGroup;
			children = (
				F0A59B251E0DB70C00F55395 /* playground */,
			);
			name = Products;
			sourceTree = "<group>";
		};
		F0A59B271E0DB70C00F55395 /* playground */ = {
			isa = PBXGroup;
			children = (
				F0A59B351E0E8DF700F55395 /* macros */,
				F0A59B2F1E0DBBD600F55395 /* data */,
				F0A59B3A1E0EA44E00F55395 /* bytewise */,
				F0A59B281E0DB70C00F55395 /* main.cpp */,
			);
			path = playground;
			sourceTree = "<group>";
		};
		F0A59B2F1E0DBBD600F55395 /* data */ = {
			isa = PBXGroup;
			children = (
				F0A59B311E0DBD7300F55395 /* buffer.h */,
				F0A59B321E0DBD7300F55395 /* buffer.hpp */,
				F0A59B301E0DBD7300F55395 /* buffer.cpp */,
			);
			name = data;
			sourceTree = "<group>";
		};
		F0A59B351E0E8DF700F55395 /* macros */ = {
			isa = PBXGroup;
			children = (
				F0A59B371E0E8EF800F55395 /* progressive.h */,
				F0A59B381E0E8EF800F55395 /* progressive.hpp */,
			);
			name = macros;
			sourceTree = "<group>";
		};
		F0A59B3A1E0EA44E00F55395 /* bytewise */ = {
			isa = PBXGroup;
			children = (
				F0A59B3B1E0EA48D00F55395 /* macro.h */,
				F0A59B3C1E0EA48D00F55395 /* macro.hpp */,
				F0A59B491E0EBB9E00F55395 /* count.h */,
				F0A59B4A1E0EBB9E00F55395 /* count.hpp */,
				F0A59B461E0EBB5600F55395 /* valid.h */,
				F0A59B471E0EBB5600F55395 /* valid.hpp */,
				F0A59B4D1E0F4F2000F55395 /* ranges.h */,
				F0A59B4E1E0F4F2000F55395 /* ranges.hpp */,
				F0A59B4B1E0EF17F00F55395 /* arithmetic_visitor.h */,
				F0A59B4C1E0EF17F00F55395 /* arithmetic_visitor.hpp */,
				F0A59B421E0EBA7F00F55395 /* buffer_visitor.h */,
				F0A59B431E0EBA7F00F55395 /* buffer_visitor.hpp */,
				F0A59B411E0EBA7F00F55395 /* buffer_visitor.cpp */,
			);
			name = bytewise;
			sourceTree = "<group>";
		};
/* End PBXGroup section */

/* Begin PBXNativeTarget section */
		F0A59B241E0DB70B00F55395 /* playground */ = {
			isa = PBXNativeTarget;
			buildConfigurationList = F0A59B2C1E0DB70C00F55395 /* Build configuration list for PBXNativeTarget "playground" */;
			buildPhases = (
				F0A59B211E0DB70B00F55395 /* Sources */,
				F0A59B221E0DB70B00F55395 /* Frameworks */,
				F0A59B231E0DB70B00F55395 /* CopyFiles */,
			);
			buildRules = (
			);
			dependencies = (
			);
			name = playground;
			productName = playground;
			productReference = F0A59B251E0DB70C00F55395 /* playground */;
			productType = "com.apple.product-type.tool";
		};
/* End PBXNativeTarget section */

/* Begin PBXProject section */
		F0A59B1D1E0DB70B00F55395 /* Project object */ = {
			isa = PBXProject;
			attributes = {
				LastUpgradeCheck = 0820;
				ORGANIZATIONNAME = RAIN;
				TargetAttributes = {
					F0A59B241E0DB70B00F55395 = {
						CreatedOnToolsVersion = 8.2;
						ProvisioningStyle = Automatic;
					};
				};
			};
			buildConfigurationList = F0A59B201E0DB70B00F55395 /* Build configuration list for PBXProject "playground" */;
			compatibilityVersion = "Xcode 3.2";
			developmentRegion = English;
			hasScannedForEncodings = 0;
			knownRegions = (
				en,
			);
			mainGroup = F0A59B1C1E0DB70B00F55395;
			productRefGroup = F0A59B261E0DB70C00F55395 /* Products */;
			projectDirPath = "";
			projectRoot = "";
			targets = (
				F0A59B241E0DB70B00F55395 /* playground */,
			);
		};
/* End PBXProject section */

/* Begin PBXSourcesBuildPhase section */
		F0A59B211E0DB70B00F55395 /* Sources */ = {
			isa = PBXSourcesBuildPhase;
			buildActionMask = 2147483647;
			files = (
				F0A59B291E0DB70C00F55395 /* main.cpp in Sources */,
				F0A59B331E0DBD7300F55395 /* buffer.cpp in Sources */,
				F0A59B441E0EBA7F00F55395 /* buffer_visitor.cpp in Sources */,
			);
			runOnlyForDeploymentPostprocessing = 0;
		};
/* End PBXSourcesBuildPhase section */

/* Begin XCBuildConfiguration section */
		F0A59B2A1E0DB70C00F55395 /* Debug */ = {
			isa = XCBuildConfiguration;
			buildSettings = {
				ALWAYS_SEARCH_USER_PATHS = NO;
				CLANG_ANALYZER_NONNULL = YES;
				CLANG_CXX_LANGUAGE_STANDARD = "gnu++0x";
				CLANG_CXX_LIBRARY = "libc++";
				CLANG_ENABLE_MODULES = YES;
				CLANG_ENABLE_OBJC_ARC = YES;
				CLANG_WARN_BOOL_CONVERSION = YES;
				CLANG_WARN_CONSTANT_CONVERSION = YES;
				CLANG_WARN_DIRECT_OBJC_ISA_USAGE = YES_ERROR;
				CLANG_WARN_DOCUMENTATION_COMMENTS = YES;
				CLANG_WARN_EMPTY_BODY = YES;
				CLANG_WARN_ENUM_CONVERSION = YES;
				CLANG_WARN_INFINITE_RECURSION = YES;
				CLANG_WARN_INT_CONVERSION = YES;
				CLANG_WARN_OBJC_ROOT_CLASS = YES_ERROR;
				CLANG_WARN_SUSPICIOUS_MOVE = YES;
				CLANG_WARN_UNREACHABLE_CODE = YES;
				CLANG_WARN__DUPLICATE_METHOD_MATCH = YES;
				CODE_SIGN_IDENTITY = "-";
				COPY_PHASE_STRIP = NO;
				DEBUG_INFORMATION_FORMAT = dwarf;
				ENABLE_STRICT_OBJC_MSGSEND = YES;
				ENABLE_TESTABILITY = YES;
				GCC_C_LANGUAGE_STANDARD = gnu99;
				GCC_DYNAMIC_NO_PIC = NO;
				GCC_NO_COMMON_BLOCKS = YES;
				GCC_OPTIMIZATION_LEVEL = 0;
				GCC_PREPROCESSOR_DEFINITIONS = (
					"DEBUG=1",
					"$(inherited)",
				);
				GCC_WARN_64_TO_32_BIT_CONVERSION = YES;
				GCC_WARN_ABOUT_RETURN_TYPE = YES_ERROR;
				GCC_WARN_UNDECLARED_SELECTOR = YES;
				GCC_WARN_UNINITIALIZED_AUTOS = YES_AGGRESSIVE;
				GCC_WARN_UNUSED_FUNCTION = YES;
				GCC_WARN_UNUSED_VARIABLE = YES;
				MACOSX_DEPLOYMENT_TARGET = 10.12;
				MTL_ENABLE_DEBUG_INFO = YES;
				ONLY_ACTIVE_ARCH = YES;
				SDKROOT = macosx;
			};
			name = Debug;
		};
		F0A59B2B1E0DB70C00F55395 /* Release */ = {
			isa = XCBuildConfiguration;
			buildSettings = {
				ALWAYS_SEARCH_USER_PATHS = NO;
				CLANG_ANALYZER_NONNULL = YES;
				CLANG_CXX_LANGUAGE_STANDARD = "gnu++0x";
				CLANG_CXX_LIBRARY = "libc++";
				CLANG_ENABLE_MODULES = YES;
				CLANG_ENABLE_OBJC_ARC = YES;
				CLANG_WARN_BOOL_CONVERSION = YES;
				CLANG_WARN_CONSTANT_CONVERSION = YES;
				CLANG_WARN_DIRECT_OBJC_ISA_USAGE = YES_ERROR;
				CLANG_WARN_DOCUMENTATION_COMMENTS = YES;
				CLANG_WARN_EMPTY_BODY = YES;
				CLANG_WARN_ENUM_CONVERSION = YES;
				CLANG_WARN_INFINITE_RECURSION = YES;
				CLANG_WARN_INT_CONVERSION = YES;
				CLANG_WARN_OBJC_ROOT_CLASS = YES_ERROR;
				CLANG_WARN_SUSPICIOUS_MOVE = YES;
				CLANG_WARN_UNREACHABLE_CODE = YES;
				CLANG_WARN__DUPLICATE_METHOD_MATCH = YES;
				CODE_SIGN_IDENTITY = "-";
				COPY_PHASE_STRIP = NO;
				DEBUG_INFORMATION_FORMAT = "dwarf-with-dsym";
				ENABLE_NS_ASSERTIONS = NO;
				ENABLE_STRICT_OBJC_MSGSEND = YES;
				GCC_C_LANGUAGE_STANDARD = gnu99;
				GCC_NO_COMMON_BLOCKS = YES;
				GCC_WARN_64_TO_32_BIT_CONVERSION = YES;
				GCC_WARN_ABOUT_RETURN_TYPE = YES_ERROR;
				GCC_WARN_UNDECLARED_SELECTOR = YES;
				GCC_WARN_UNINITIALIZED_AUTOS = YES_AGGRESSIVE;
				GCC_WARN_UNUSED_FUNCTION = YES;
				GCC_WARN_UNUSED_VARIABLE = YES;
				MACOSX_DEPLOYMENT_TARGET = 10.12;
				MTL_ENABLE_DEBUG_INFO = NO;
				SDKROOT = macosx;
			};
			name = Release;
		};
		F0A59B2D1E0DB70C00F55395 /* Debug */ = {
			isa = XCBuildConfiguration;
			buildSettings = {
				CLANG_CXX_LANGUAGE_STANDARD = "c++14";
				PRODUCT_NAME = "$(TARGET_NAME)";
			};
			name = Debug;
		};
		F0A59B2E1E0DB70C00F55395 /* Release */ = {
			isa = XCBuildConfiguration;
			buildSettings = {
				CLANG_CXX_LANGUAGE_STANDARD = "c++14";
				PRODUCT_NAME = "$(TARGET_NAME)";
			};
			name = Release;
		};
/* End XCBuildConfiguration section */

/* Begin XCConfigurationList section */
		F0A59B201E0DB70B00F55395 /* Build configuration list for PBXProject "playground" */ = {
			isa = XCConfigurationList;
			buildConfigurations = (
				F0A59B2A1E0DB70C00F55395 /* Debug */,
				F0A59B2B1E0DB70C00F55395 /* Release */,
			);
			defaultConfigurationIsVisible = 0;
			defaultConfigurationName = Release;
		};
		F0A59B2C1E0DB70C00F55395 /* Build configuration list for PBXNativeTarget "playground" */ = {
			isa = XCConfigurationList;
			buildConfigurations = (
				F0A59B2D1E0DB70C00F55395 /* Debug */,
				F0A59B2E1E0DB70C00F55395 /* Release */,
			);
			defaultConfigurationIsVisible = 0;
		};
/* End XCConfigurationList section */
	};
	rootObject = F0A59B1D1E0DB70B00F55395 /* Project object */;
}
